// !$*UTF8*$!
{
	archiveVersion = 1;
	classes = {
	};
	objectVersion = 51;
	objects = {

/* Begin PBXBuildFile section */
		9BA505FEFB2F84889CDE6581 /* Pods_Heady___Skill_Assessment_Test.framework in Frameworks */ = {isa = PBXBuildFile; fileRef = 0372B2C3DF5D019FF2EA62FD /* Pods_Heady___Skill_Assessment_Test.framework */; };
		D564B1BF2430923400F5DF15 /* OfflineData.xcdatamodeld in Sources */ = {isa = PBXBuildFile; fileRef = D564B1BD2430923400F5DF15 /* OfflineData.xcdatamodeld */; };
		D573DD0A2430745000A861CF /* AppDelegate.swift in Sources */ = {isa = PBXBuildFile; fileRef = D573DD092430745000A861CF /* AppDelegate.swift */; };
		D573DD0C2430745000A861CF /* SceneDelegate.swift in Sources */ = {isa = PBXBuildFile; fileRef = D573DD0B2430745000A861CF /* SceneDelegate.swift */; };
		D573DD0E2430745000A861CF /* CategoriesViewController.swift in Sources */ = {isa = PBXBuildFile; fileRef = D573DD0D2430745000A861CF /* CategoriesViewController.swift */; };
		D573DD112430745000A861CF /* Main.storyboard in Resources */ = {isa = PBXBuildFile; fileRef = D573DD0F2430745000A861CF /* Main.storyboard */; };
		D573DD132430745100A861CF /* Assets.xcassets in Resources */ = {isa = PBXBuildFile; fileRef = D573DD122430745100A861CF /* Assets.xcassets */; };
		D573DD162430745100A861CF /* LaunchScreen.storyboard in Resources */ = {isa = PBXBuildFile; fileRef = D573DD142430745100A861CF /* LaunchScreen.storyboard */; };
		D573DD222430767D00A861CF /* WebService.swift in Sources */ = {isa = PBXBuildFile; fileRef = D573DD212430767D00A861CF /* WebService.swift */; };
		D573DD242430769500A861CF /* Constant.swift in Sources */ = {isa = PBXBuildFile; fileRef = D573DD232430769500A861CF /* Constant.swift */; };
		D573DD2924307A7E00A861CF /* OfflineDataManager.swift in Sources */ = {isa = PBXBuildFile; fileRef = D573DD2824307A7E00A861CF /* OfflineDataManager.swift */; };
		D573DD2B2430819100A861CF /* ProductListViewController.swift in Sources */ = {isa = PBXBuildFile; fileRef = D573DD2A2430819100A861CF /* ProductListViewController.swift */; };
		D573DD2D2430846100A861CF /* ProductDetailViewController.swift in Sources */ = {isa = PBXBuildFile; fileRef = D573DD2C2430846100A861CF /* ProductDetailViewController.swift */; };
		D573DD2F243087BF00A861CF /* SubCategories.swift in Sources */ = {isa = PBXBuildFile; fileRef = D573DD2E243087BF00A861CF /* SubCategories.swift */; };
		D573DD3124308F3C00A861CF /* PopularViewController.swift in Sources */ = {isa = PBXBuildFile; fileRef = D573DD3024308F3C00A861CF /* PopularViewController.swift */; };
/* End PBXBuildFile section */

/* Begin PBXFileReference section */
		0372B2C3DF5D019FF2EA62FD /* Pods_Heady___Skill_Assessment_Test.framework */ = {isa = PBXFileReference; explicitFileType = wrapper.framework; includeInIndex = 0; path = "Pods_Heady___Skill_Assessment_Test.framework"; sourceTree = BUILT_PRODUCTS_DIR; };
		A3B7C5489E13DE343EF1843E /* Pods-Heady - Skill Assessment Test.release.xcconfig */ = {isa = PBXFileReference; includeInIndex = 1; lastKnownFileType = text.xcconfig; name = "Pods-Heady - Skill Assessment Test.release.xcconfig"; path = "Target Support Files/Pods-Heady - Skill Assessment Test/Pods-Heady - Skill Assessment Test.release.xcconfig"; sourceTree = "<group>"; };
		D564B1BE2430923400F5DF15 /* OfflineData.xcdatamodel */ = {isa = PBXFileReference; lastKnownFileType = wrapper.xcdatamodel; path = OfflineData.xcdatamodel; sourceTree = "<group>"; };
		D573DD062430745000A861CF /* Heady - Skill Assessment Test.app */ = {isa = PBXFileReference; explicitFileType = wrapper.application; includeInIndex = 0; path = "Heady - Skill Assessment Test.app"; sourceTree = BUILT_PRODUCTS_DIR; };
		D573DD092430745000A861CF /* AppDelegate.swift */ = {isa = PBXFileReference; lastKnownFileType = sourcecode.swift; path = AppDelegate.swift; sourceTree = "<group>"; };
		D573DD0B2430745000A861CF /* SceneDelegate.swift */ = {isa = PBXFileReference; lastKnownFileType = sourcecode.swift; path = SceneDelegate.swift; sourceTree = "<group>"; };
		D573DD0D2430745000A861CF /* CategoriesViewController.swift */ = {isa = PBXFileReference; lastKnownFileType = sourcecode.swift; path = CategoriesViewController.swift; sourceTree = "<group>"; };
		D573DD102430745000A861CF /* Base */ = {isa = PBXFileReference; lastKnownFileType = file.storyboard; name = Base; path = Base.lproj/Main.storyboard; sourceTree = "<group>"; };
		D573DD122430745100A861CF /* Assets.xcassets */ = {isa = PBXFileReference; lastKnownFileType = folder.assetcatalog; path = Assets.xcassets; sourceTree = "<group>"; };
		D573DD152430745100A861CF /* Base */ = {isa = PBXFileReference; lastKnownFileType = file.storyboard; name = Base; path = Base.lproj/LaunchScreen.storyboard; sourceTree = "<group>"; };
		D573DD172430745100A861CF /* Info.plist */ = {isa = PBXFileReference; lastKnownFileType = text.plist.xml; path = Info.plist; sourceTree = "<group>"; };
		D573DD212430767D00A861CF /* WebService.swift */ = {isa = PBXFileReference; lastKnownFileType = sourcecode.swift; path = WebService.swift; sourceTree = "<group>"; };
		D573DD232430769500A861CF /* Constant.swift */ = {isa = PBXFileReference; fileEncoding = 4; lastKnownFileType = sourcecode.swift; path = Constant.swift; sourceTree = "<group>"; };
		D573DD2824307A7E00A861CF /* OfflineDataManager.swift */ = {isa = PBXFileReference; lastKnownFileType = sourcecode.swift; name = OfflineDataManager.swift; path = Classes/OfflineDataManager.swift; sourceTree = "<group>"; };
		D573DD2A2430819100A861CF /* ProductListViewController.swift */ = {isa = PBXFileReference; lastKnownFileType = sourcecode.swift; path = ProductListViewController.swift; sourceTree = "<group>"; };
		D573DD2C2430846100A861CF /* ProductDetailViewController.swift */ = {isa = PBXFileReference; lastKnownFileType = sourcecode.swift; path = ProductDetailViewController.swift; sourceTree = "<group>"; };
		D573DD2E243087BF00A861CF /* SubCategories.swift */ = {isa = PBXFileReference; fileEncoding = 4; lastKnownFileType = sourcecode.swift; path = SubCategories.swift; sourceTree = "<group>"; };
		D573DD3024308F3C00A861CF /* PopularViewController.swift */ = {isa = PBXFileReference; fileEncoding = 4; lastKnownFileType = sourcecode.swift; path = PopularViewController.swift; sourceTree = "<group>"; };
		F9255DA52F2DEFDE2D599C35 /* Pods-Heady - Skill Assessment Test.debug.xcconfig */ = {isa = PBXFileReference; includeInIndex = 1; lastKnownFileType = text.xcconfig; name = "Pods-Heady - Skill Assessment Test.debug.xcconfig"; path = "Target Support Files/Pods-Heady - Skill Assessment Test/Pods-Heady - Skill Assessment Test.debug.xcconfig"; sourceTree = "<group>"; };
/* End PBXFileReference section */

/* Begin PBXFrameworksBuildPhase section */
		D573DD032430745000A861CF /* Frameworks */ = {
			isa = PBXFrameworksBuildPhase;
			buildActionMask = 2147483647;
			files = (
				9BA505FEFB2F84889CDE6581 /* Pods_Heady___Skill_Assessment_Test.framework in Frameworks */,
			);
			runOnlyForDeploymentPostprocessing = 0;
		};
/* End PBXFrameworksBuildPhase section */

/* Begin PBXGroup section */
		8617EB44D0DAF119D1E7447B /* Pods */ = {
			isa = PBXGroup;
			children = (
				F9255DA52F2DEFDE2D599C35 /* Pods-Heady - Skill Assessment Test.debug.xcconfig */,
				A3B7C5489E13DE343EF1843E /* Pods-Heady - Skill Assessment Test.release.xcconfig */,
			);
			path = Pods;
			sourceTree = "<group>";
		};
		90817B1D0C809EA93694E7F1 /* Frameworks */ = {
			isa = PBXGroup;
			children = (
				0372B2C3DF5D019FF2EA62FD /* Pods_Heady___Skill_Assessment_Test.framework */,
			);
			name = Frameworks;
			sourceTree = "<group>";
		};
		D573DCFD2430745000A861CF = {
			isa = PBXGroup;
			children = (
				D573DD082430745000A861CF /* Heady - Skill Assessment Test */,
				D573DD072430745000A861CF /* Products */,
				8617EB44D0DAF119D1E7447B /* Pods */,
				90817B1D0C809EA93694E7F1 /* Frameworks */,
			);
			sourceTree = "<group>";
		};
		D573DD072430745000A861CF /* Products */ = {
			isa = PBXGroup;
			children = (
				D573DD062430745000A861CF /* Heady - Skill Assessment Test.app */,
			);
			name = Products;
			sourceTree = "<group>";
		};
		D573DD082430745000A861CF /* Heady - Skill Assessment Test */ = {
			isa = PBXGroup;
			children = (
				D573DD202430766D00A861CF /* Classes */,
				D573DD1E2430765800A861CF /* AppDelegate */,
				D573DD1D2430765000A861CF /* ViewControllers */,
				D573DD1F2430766500A861CF /* UI */,
				D573DD122430745100A861CF /* Assets.xcassets */,
				D564B1BD2430923400F5DF15 /* OfflineData.xcdatamodeld */,
				D573DD2824307A7E00A861CF /* OfflineDataManager.swift */,
				D573DD172430745100A861CF /* Info.plist */,
			);
			path = "Heady - Skill Assessment Test";
			sourceTree = "<group>";
		};
		D573DD1D2430765000A861CF /* ViewControllers */ = {
			isa = PBXGroup;
			children = (
				D573DD0D2430745000A861CF /* CategoriesViewController.swift */,
				D573DD2A2430819100A861CF /* ProductListViewController.swift */,
				D573DD2C2430846100A861CF /* ProductDetailViewController.swift */,
				D573DD3024308F3C00A861CF /* PopularViewController.swift */,
			);
			path = ViewControllers;
			sourceTree = "<group>";
		};
		D573DD1E2430765800A861CF /* AppDelegate */ = {
			isa = PBXGroup;
			children = (
				D573DD092430745000A861CF /* AppDelegate.swift */,
				D573DD0B2430745000A861CF /* SceneDelegate.swift */,
			);
			path = AppDelegate;
			sourceTree = "<group>";
		};
		D573DD1F2430766500A861CF /* UI */ = {
			isa = PBXGroup;
			children = (
				D573DD0F2430745000A861CF /* Main.storyboard */,
				D573DD142430745100A861CF /* LaunchScreen.storyboard */,
			);
			path = UI;
			sourceTree = "<group>";
		};
		D573DD202430766D00A861CF /* Classes */ = {
			isa = PBXGroup;
			children = (
				D573DD212430767D00A861CF /* WebService.swift */,
				D573DD232430769500A861CF /* Constant.swift */,
				D573DD2E243087BF00A861CF /* SubCategories.swift */,
			);
			path = Classes;
			sourceTree = "<group>";
		};
/* End PBXGroup section */

/* Begin PBXNativeTarget section */
		D573DD052430745000A861CF /* Heady - Skill Assessment Test */ = {
			isa = PBXNativeTarget;
			buildConfigurationList = D573DD1A2430745100A861CF /* Build configuration list for PBXNativeTarget "Heady - Skill Assessment Test" */;
			buildPhases = (
				1FF3E22B4F9586FFA2EAA9E6 /* [CP] Check Pods Manifest.lock */,
				D573DD022430745000A861CF /* Sources */,
				D573DD032430745000A861CF /* Frameworks */,
				D573DD042430745000A861CF /* Resources */,
				F6841E6F1781CB7EA10FF23D /* [CP] Embed Pods Frameworks */,
			);
			buildRules = (
			);
			dependencies = (
			);
			name = "Heady - Skill Assessment Test";
			productName = "Heady - Skill Assessment Test";
			productReference = D573DD062430745000A861CF /* Heady - Skill Assessment Test.app */;
			productType = "com.apple.product-type.application";
		};
/* End PBXNativeTarget section */

/* Begin PBXProject section */
		D573DCFE2430745000A861CF /* Project object */ = {
			isa = PBXProject;
			attributes = {
				LastSwiftUpdateCheck = 1130;
				LastUpgradeCheck = 1130;
				ORGANIZATIONNAME = Romit;
				TargetAttributes = {
					D573DD052430745000A861CF = {
						CreatedOnToolsVersion = 11.3.1;
					};
				};
			};
			buildConfigurationList = D573DD012430745000A861CF /* Build configuration list for PBXProject "Heady - Skill Assessment Test" */;
			compatibilityVersion = "Xcode 9.3";
			developmentRegion = en;
			hasScannedForEncodings = 0;
			knownRegions = (
				en,
				Base,
			);
			mainGroup = D573DCFD2430745000A861CF;
			productRefGroup = D573DD072430745000A861CF /* Products */;
			projectDirPath = "";
			projectRoot = "";
			targets = (
				D573DD052430745000A861CF /* Heady - Skill Assessment Test */,
			);
		};
/* End PBXProject section */

/* Begin PBXResourcesBuildPhase section */
		D573DD042430745000A861CF /* Resources */ = {
			isa = PBXResourcesBuildPhase;
			buildActionMask = 2147483647;
			files = (
				D573DD162430745100A861CF /* LaunchScreen.storyboard in Resources */,
				D573DD132430745100A861CF /* Assets.xcassets in Resources */,
				D573DD112430745000A861CF /* Main.storyboard in Resources */,
			);
			runOnlyForDeploymentPostprocessing = 0;
		};
/* End PBXResourcesBuildPhase section */

/* Begin PBXShellScriptBuildPhase section */
		1FF3E22B4F9586FFA2EAA9E6 /* [CP] Check Pods Manifest.lock */ = {
			isa = PBXShellScriptBuildPhase;
			buildActionMask = 2147483647;
			files = (
			);
			inputFileListPaths = (
			);
			inputPaths = (
				"${PODS_PODFILE_DIR_PATH}/Podfile.lock",
				"${PODS_ROOT}/Manifest.lock",
			);
			name = "[CP] Check Pods Manifest.lock";
			outputFileListPaths = (
			);
			outputPaths = (
				"$(DERIVED_FILE_DIR)/Pods-Heady - Skill Assessment Test-checkManifestLockResult.txt",
			);
			runOnlyForDeploymentPostprocessing = 0;
			shellPath = /bin/sh;
			shellScript = "diff \"${PODS_PODFILE_DIR_PATH}/Podfile.lock\" \"${PODS_ROOT}/Manifest.lock\" > /dev/null\nif [ $? != 0 ] ; then\n    # print error to STDERR\n    echo \"error: The sandbox is not in sync with the Podfile.lock. Run 'pod install' or update your CocoaPods installation.\" >&2\n    exit 1\nfi\n# This output is used by Xcode 'outputs' to avoid re-running this script phase.\necho \"SUCCESS\" > \"${SCRIPT_OUTPUT_FILE_0}\"\n";
			showEnvVarsInLog = 0;
		};
		F6841E6F1781CB7EA10FF23D /* [CP] Embed Pods Frameworks */ = {
			isa = PBXShellScriptBuildPhase;
			buildActionMask = 2147483647;
			files = (
			);
			inputFileListPaths = (
				"${PODS_ROOT}/Target Support Files/Pods-Heady - Skill Assessment Test/Pods-Heady - Skill Assessment Test-frameworks-${CONFIGURATION}-input-files.xcfilelist",
			);
			name = "[CP] Embed Pods Frameworks";
			outputFileListPaths = (
				"${PODS_ROOT}/Target Support Files/Pods-Heady - Skill Assessment Test/Pods-Heady - Skill Assessment Test-frameworks-${CONFIGURATION}-output-files.xcfilelist",
			);
			runOnlyForDeploymentPostprocessing = 0;
			shellPath = /bin/sh;
			shellScript = "\"${PODS_ROOT}/Target Support Files/Pods-Heady - Skill Assessment Test/Pods-Heady - Skill Assessment Test-frameworks.sh\"\n";
			showEnvVarsInLog = 0;
		};
/* End PBXShellScriptBuildPhase section */

/* Begin PBXSourcesBuildPhase section */
		D573DD022430745000A861CF /* Sources */ = {
			isa = PBXSourcesBuildPhase;
			buildActionMask = 2147483647;
			files = (
				D573DD0E2430745000A861CF /* CategoriesViewController.swift in Sources */,
				D573DD0A2430745000A861CF /* AppDelegate.swift in Sources */,
				D573DD2D2430846100A861CF /* ProductDetailViewController.swift in Sources */,
				D573DD242430769500A861CF /* Constant.swift in Sources */,
				D573DD222430767D00A861CF /* WebService.swift in Sources */,
				D573DD2F243087BF00A861CF /* SubCategories.swift in Sources */,
				D573DD0C2430745000A861CF /* SceneDelegate.swift in Sources */,
				D564B1BF2430923400F5DF15 /* OfflineData.xcdatamodeld in Sources */,
				D573DD3124308F3C00A861CF /* PopularViewController.swift in Sources */,
				D573DD2B2430819100A861CF /* ProductListViewController.swift in Sources */,
				D573DD2924307A7E00A861CF /* OfflineDataManager.swift in Sources */,
			);
			runOnlyForDeploymentPostprocessing = 0;
		};
/* End PBXSourcesBuildPhase section */

/* Begin PBXVariantGroup section */
		D573DD0F2430745000A861CF /* Main.storyboard */ = {
			isa = PBXVariantGroup;
			children = (
				D573DD102430745000A861CF /* Base */,
			);
			name = Main.storyboard;
			sourceTree = "<group>";
		};
		D573DD142430745100A861CF /* LaunchScreen.storyboard */ = {
			isa = PBXVariantGroup;
			children = (
				D573DD152430745100A861CF /* Base */,
			);
			name = LaunchScreen.storyboard;
			sourceTree = "<group>";
		};
/* End PBXVariantGroup section */

/* Begin XCBuildConfiguration section */
		D573DD182430745100A861CF /* Debug */ = {
			isa = XCBuildConfiguration;
			buildSettings = {
				ALWAYS_SEARCH_USER_PATHS = NO;
				CLANG_ANALYZER_NONNULL = YES;
				CLANG_ANALYZER_NUMBER_OBJECT_CONVERSION = YES_AGGRESSIVE;
				CLANG_CXX_LANGUAGE_STANDARD = "gnu++14";
				CLANG_CXX_LIBRARY = "libc++";
				CLANG_ENABLE_MODULES = YES;
				CLANG_ENABLE_OBJC_ARC = YES;
				CLANG_ENABLE_OBJC_WEAK = YES;
				CLANG_WARN_BLOCK_CAPTURE_AUTORELEASING = YES;
				CLANG_WARN_BOOL_CONVERSION = YES;
				CLANG_WARN_COMMA = YES;
				CLANG_WARN_CONSTANT_CONVERSION = YES;
				CLANG_WARN_DEPRECATED_OBJC_IMPLEMENTATIONS = YES;
				CLANG_WARN_DIRECT_OBJC_ISA_USAGE = YES_ERROR;
				CLANG_WARN_DOCUMENTATION_COMMENTS = YES;
				CLANG_WARN_EMPTY_BODY = YES;
				CLANG_WARN_ENUM_CONVERSION = YES;
				CLANG_WARN_INFINITE_RECURSION = YES;
				CLANG_WARN_INT_CONVERSION = YES;
				CLANG_WARN_NON_LITERAL_NULL_CONVERSION = YES;
				CLANG_WARN_OBJC_IMPLICIT_RETAIN_SELF = YES;
				CLANG_WARN_OBJC_LITERAL_CONVERSION = YES;
				CLANG_WARN_OBJC_ROOT_CLASS = YES_ERROR;
				CLANG_WARN_RANGE_LOOP_ANALYSIS = YES;
				CLANG_WARN_STRICT_PROTOTYPES = YES;
				CLANG_WARN_SUSPICIOUS_MOVE = YES;
				CLANG_WARN_UNGUARDED_AVAILABILITY = YES_AGGRESSIVE;
				CLANG_WARN_UNREACHABLE_CODE = YES;
				CLANG_WARN__DUPLICATE_METHOD_MATCH = YES;
				COPY_PHASE_STRIP = NO;
				DEBUG_INFORMATION_FORMAT = dwarf;
				ENABLE_STRICT_OBJC_MSGSEND = YES;
				ENABLE_TESTABILITY = YES;
				GCC_C_LANGUAGE_STANDARD = gnu11;
				GCC_DYNAMIC_NO_PIC = NO;
				GCC_NO_COMMON_BLOCKS = YES;
				GCC_OPTIMIZATION_LEVEL = 0;
				GCC_PREPROCESSOR_DEFINITIONS = (
					"DEBUG=1",
					"$(inherited)",
				);
				GCC_WARN_64_TO_32_BIT_CONVERSION = YES;
				GCC_WARN_ABOUT_RETURN_TYPE = YES_ERROR;
				GCC_WARN_UNDECLARED_SELECTOR = YES;
				GCC_WARN_UNINITIALIZED_AUTOS = YES_AGGRESSIVE;
				GCC_WARN_UNUSED_FUNCTION = YES;
				GCC_WARN_UNUSED_VARIABLE = YES;
				IPHONEOS_DEPLOYMENT_TARGET = 13.2;
				MTL_ENABLE_DEBUG_INFO = INCLUDE_SOURCE;
				MTL_FAST_MATH = YES;
				ONLY_ACTIVE_ARCH = YES;
				SDKROOT = iphoneos;
				SWIFT_ACTIVE_COMPILATION_CONDITIONS = DEBUG;
				SWIFT_OPTIMIZATION_LEVEL = "-Onone";
			};
			name = Debug;
		};
		D573DD192430745100A861CF /* Release */ = {
			isa = XCBuildConfiguration;
			buildSettings = {
				ALWAYS_SEARCH_USER_PATHS = NO;
				CLANG_ANALYZER_NONNULL = YES;
				CLANG_ANALYZER_NUMBER_OBJECT_CONVERSION = YES_AGGRESSIVE;
				CLANG_CXX_LANGUAGE_STANDARD = "gnu++14";
				CLANG_CXX_LIBRARY = "libc++";
				CLANG_ENABLE_MODULES = YES;
				CLANG_ENABLE_OBJC_ARC = YES;
				CLANG_ENABLE_OBJC_WEAK = YES;
				CLANG_WARN_BLOCK_CAPTURE_AUTORELEASING = YES;
				CLANG_WARN_BOOL_CONVERSION = YES;
				CLANG_WARN_COMMA = YES;
				CLANG_WARN_CONSTANT_CONVERSION = YES;
				CLANG_WARN_DEPRECATED_OBJC_IMPLEMENTATIONS = YES;
				CLANG_WARN_DIRECT_OBJC_ISA_USAGE = YES_ERROR;
				CLANG_WARN_DOCUMENTATION_COMMENTS = YES;
				CLANG_WARN_EMPTY_BODY = YES;
				CLANG_WARN_ENUM_CONVERSION = YES;
				CLANG_WARN_INFINITE_RECURSION = YES;
				CLANG_WARN_INT_CONVERSION = YES;
				CLANG_WARN_NON_LITERAL_NULL_CONVERSION = YES;
				CLANG_WARN_OBJC_IMPLICIT_RETAIN_SELF = YES;
				CLANG_WARN_OBJC_LITERAL_CONVERSION = YES;
				CLANG_WARN_OBJC_ROOT_CLASS = YES_ERROR;
				CLANG_WARN_RANGE_LOOP_ANALYSIS = YES;
				CLANG_WARN_STRICT_PROTOTYPES = YES;
				CLANG_WARN_SUSPICIOUS_MOVE = YES;
				CLANG_WARN_UNGUARDED_AVAILABILITY = YES_AGGRESSIVE;
				CLANG_WARN_UNREACHABLE_CODE = YES;
				CLANG_WARN__DUPLICATE_METHOD_MATCH = YES;
				COPY_PHASE_STRIP = NO;
				DEBUG_INFORMATION_FORMAT = "dwarf-with-dsym";
				ENABLE_NS_ASSERTIONS = NO;
				ENABLE_STRICT_OBJC_MSGSEND = YES;
				GCC_C_LANGUAGE_STANDARD = gnu11;
				GCC_NO_COMMON_BLOCKS = YES;
				GCC_WARN_64_TO_32_BIT_CONVERSION = YES;
				GCC_WARN_ABOUT_RETURN_TYPE = YES_ERROR;
				GCC_WARN_UNDECLARED_SELECTOR = YES;
				GCC_WARN_UNINITIALIZED_AUTOS = YES_AGGRESSIVE;
				GCC_WARN_UNUSED_FUNCTION = YES;
				GCC_WARN_UNUSED_VARIABLE = YES;
				IPHONEOS_DEPLOYMENT_TARGET = 13.2;
				MTL_ENABLE_DEBUG_INFO = NO;
				MTL_FAST_MATH = YES;
				SDKROOT = iphoneos;
				SWIFT_COMPILATION_MODE = wholemodule;
				SWIFT_OPTIMIZATION_LEVEL = "-O";
				VALIDATE_PRODUCT = YES;
			};
			name = Release;
		};
		D573DD1B2430745100A861CF /* Debug */ = {
			isa = XCBuildConfiguration;
			baseConfigurationReference = F9255DA52F2DEFDE2D599C35 /* Pods-Heady - Skill Assessment Test.debug.xcconfig */;
			buildSettings = {
				ASSETCATALOG_COMPILER_APPICON_NAME = AppIcon;
				CODE_SIGN_STYLE = Automatic;
				DEVELOPMENT_TEAM = 3UV32STBB9;
				INFOPLIST_FILE = "Heady - Skill Assessment Test/Info.plist";
				LD_RUNPATH_SEARCH_PATHS = (
					"$(inherited)",
					"@executable_path/Frameworks",
				);
				PRODUCT_BUNDLE_IDENTIFIER = "com.romit.Heady---Skill-Assessment-Test";
				PRODUCT_NAME = "$(TARGET_NAME)";
				SWIFT_VERSION = 5.0;
				TARGETED_DEVICE_FAMILY = "1,2";
			};
			name = Debug;
		};
		D573DD1C2430745100A861CF /* Release */ = {
			isa = XCBuildConfiguration;
			baseConfigurationReference = A3B7C5489E13DE343EF1843E /* Pods-Heady - Skill Assessment Test.release.xcconfig */;
			buildSettings = {
				ASSETCATALOG_COMPILER_APPICON_NAME = AppIcon;
				CODE_SIGN_STYLE = Automatic;
				DEVELOPMENT_TEAM = 3UV32STBB9;
				INFOPLIST_FILE = "Heady - Skill Assessment Test/Info.plist";
				LD_RUNPATH_SEARCH_PATHS = (
					"$(inherited)",
					"@executable_path/Frameworks",
				);
				PRODUCT_BUNDLE_IDENTIFIER = "com.romit.Heady---Skill-Assessment-Test";
				PRODUCT_NAME = "$(TARGET_NAME)";
				SWIFT_VERSION = 5.0;
				TARGETED_DEVICE_FAMILY = "1,2";
			};
			name = Release;
		};
/* End XCBuildConfiguration section */

/* Begin XCConfigurationList section */
		D573DD012430745000A861CF /* Build configuration list for PBXProject "Heady - Skill Assessment Test" */ = {
			isa = XCConfigurationList;
			buildConfigurations = (
				D573DD182430745100A861CF /* Debug */,
				D573DD192430745100A861CF /* Release */,
			);
			defaultConfigurationIsVisible = 0;
			defaultConfigurationName = Release;
		};
		D573DD1A2430745100A861CF /* Build configuration list for PBXNativeTarget "Heady - Skill Assessment Test" */ = {
			isa = XCConfigurationList;
			buildConfigurations = (
				D573DD1B2430745100A861CF /* Debug */,
				D573DD1C2430745100A861CF /* Release */,
			);
			defaultConfigurationIsVisible = 0;
			defaultConfigurationName = Release;
		};
/* End XCConfigurationList section */

/* Begin XCVersionGroup section */
		D564B1BD2430923400F5DF15 /* OfflineData.xcdatamodeld */ = {
			isa = XCVersionGroup;
			children = (
				D564B1BE2430923400F5DF15 /* OfflineData.xcdatamodel */,
			);
			currentVersion = D564B1BE2430923400F5DF15 /* OfflineData.xcdatamodel */;
			path = OfflineData.xcdatamodeld;
			sourceTree = "<group>";
			versionGroupType = wrapper.xcdatamodel;
		};
/* End XCVersionGroup section */
	};
	rootObject = D573DCFE2430745000A861CF /* Project object */;
}
